lockfile_version: '2'
generated_at: '2026-09-01T11:22:29.921225+00:00'
apm_version: 0.28.0
dependencies:
- repo_url: addyosmani/agent-skills
  name: agent-skills
  host: github.com
  resolved_commit: ff2df4c07e7836a092ed28e1e9b42f4d6009280c
  resolved_ref: 0.6.5
  version: 0.6.5
  package_type: marketplace_plugin
  deployed_files:
  - .agents/skills/code-simplification
  - .agents/skills/code-simplification/SKILL.md
  - .agents/skills/debugging-and-error-recovery
  - .agents/skills/debugging-and-error-recovery/SKILL.md
  - .agents/skills/source-driven-development
  - .agents/skills/source-driven-development/SKILL.md
  deployed_file_hashes:
    .agents/skills/code-simplification/SKILL.md: sha256:f0c5ed754057eb0c1e027e2587f59de816651feb5e837242296c43ea21cf621d
    .agents/skills/debugging-and-error-recovery/SKILL.md: sha256:927ad6917fa2891827351cfa3470cd715423faaa5c5f27fe74534d9324c35eea
    .agents/skills/source-driven-development/SKILL.md: sha256:b979e7531ea601ed14a090f32a5b135db517c48ab9821c5e8b09efd80f4ff4d8
  content_hash: sha256:5b91544f925d04ef97f08ad0d20586c29b3c8394535eb6e8585b4d04ba7eb53b
  skill_subset:
  - code-simplification
  - debugging-and-error-recovery
  - source-driven-development
  target_subset:
  - agent-skills
  constraint: 0.6.5
  resolved_tag: 0.6.5
  resolved_at: '2026-08-28T14:12:30+00:00'
- repo_url: mattpocock/skills
  name: mattpocock-skills
  host: github.com
  resolved_commit: d574778f94cf620fcc8ce741584093bc650a61d3
  resolved_ref: v1.1.0
  version: d574778
  package_type: marketplace_plugin
  deployed_files:
  - .agents/skills/codebase-design
  - .agents/skills/codebase-design/DEEPENING.md
  - .agents/skills/codebase-design/DESIGN-IT-TWICE.md
  - .agents/skills/codebase-design/SKILL.md
  - .agents/skills/domain-modeling
  - .agents/skills/domain-modeling/ADR-FORMAT.md
  - .agents/skills/domain-modeling/CONTEXT-FORMAT.md
  - .agents/skills/domain-modeling/SKILL.md
  - .agents/skills/grill-with-docs
  - .agents/skills/grill-with-docs/SKILL.md
  - .agents/skills/grilling
  - .agents/skills/grilling/SKILL.md
  deployed_file_hashes:
    .agents/skills/codebase-design/DEEPENING.md: sha256:125e6b77413ad2bc7cf7a772bc74336d580a50f9e797db2178ed133d62333d06
    .agents/skills/codebase-design/DESIGN-IT-TWICE.md: sha256:21c3264953bd30ee87b181a3ccaf0e70649f461e5ffd7dc654acee4ba1788b31
    .agents/skills/codebase-design/SKILL.md: sha256:a8d50abac5a4018f60e1d911d4b6f4e36454ca14d6c390c0695a578c7de65dad
    .agents/skills/domain-modeling/ADR-FORMAT.md: sha256:f1f36cd3f8d3b6474ddd5855da4e233bfc4ae1a1c5024909ccf11871819a41b2
    .agents/skills/domain-modeling/CONTEXT-FORMAT.md: sha256:b8cc318f2a4285b530e908b6bc43901c3c5cd11100362636bbc4216639bef597
    .agents/skills/domain-modeling/SKILL.md: sha256:152e2c97239affb12a60c5f4a7e74ab546a49ae169688c81f4e2ccc42dafa579
    .agents/skills/grill-with-docs/SKILL.md: sha256:610d091047bcfb9db0f75c057d15538481a721111579fc5ec7f83ad9131a2165
    .agents/skills/grilling/SKILL.md: sha256:5a35925d03a391bcfa46940868b649b72dba89ec9c19525e785bbb6bd3a7f478
  content_hash: sha256:3a26aa108d8b0b740315c7e62921597f2cc2c99412e63c1f8b3d4c403a5e30b8
  skill_subset:
  - codebase-design
  - domain-modeling
  - grill-with-docs
  - grilling
  target_subset:
  - agent-skills
- repo_url: obra/superpowers
  name: superpowers
  host: github.com
  resolved_commit: 3dcbd5c4b48e02263fbf4a3c01e3fe4f81d584d9
  resolved_ref: v6.2.0
  version: 6.2.0
  package_type: marketplace_plugin
  deployed_files:
  - .agents/skills/verification-before-completion
  - .agents/skills/verification-before-completion/SKILL.md
  deployed_file_hashes:
    .agents/skills/verification-before-completion/SKILL.md: sha256:2befe7fc55bcadaa3d97dd9e8efeb633d2561c0ebe74c5a8b17c4d9e7e4520b3
  content_hash: sha256:f4ba2a0b0275955535927e8635806758416f20b7dd7ff598c051cf5cdd08051d
  skill_subset:
  - verification-before-completion
  target_subset:
  - agent-skills
  declared_license: MIT
deployments:
- kind: project-relative
  target: agent-skills
  value: .agents/skills/code-simplification
  runtime: null
  scope: project
  owners:
  - addyosmani/agent-skills
  active_owner: addyosmani/agent-skills
  content_hash: null
- kind: project-relative
  target: agent-skills
  value: .agents/skills/code-simplification/SKILL.md
  runtime: null
  scope: project
  owners:
  - addyosmani/agent-skills
  active_owner: addyosmani/agent-skills
  content_hash: sha256:f0c5ed754057eb0c1e027e2587f59de816651feb5e837242296c43ea21cf621d
- kind: project-relative
  target: agent-skills
  value: .agents/skills/codebase-design
  runtime: null
  scope: project
  owners:
  - mattpocock/skills
  active_owner: mattpocock/skills
  content_hash: null
- kind: project-relative
  target: agent-skills
  value: .agents/skills/codebase-design/DEEPENING.md
  runtime: null
  scope: project
  owners:
  - mattpocock/skills
  active_owner: mattpocock/skills
  content_hash: sha256:125e6b77413ad2bc7cf7a772bc74336d580a50f9e797db2178ed133d62333d06
- kind: project-relative
  target: agent-skills
  value: .agents/skills/codebase-design/DESIGN-IT-TWICE.md
  runtime: null
  scope: project
  owners:
  - mattpocock/skills
  active_owner: mattpocock/skills
  content_hash: sha256:21c3264953bd30ee87b181a3ccaf0e70649f461e5ffd7dc654acee4ba1788b31
- kind: project-relative
  target: agent-skills
  value: .agents/skills/codebase-design/SKILL.md
  runtime: null
  scope: project
  owners:
  - mattpocock/skills
  active_owner: mattpocock/skills
  content_hash: sha256:a8d50abac5a4018f60e1d911d4b6f4e36454ca14d6c390c0695a578c7de65dad
- kind: project-relative
  target: agent-skills
  value: .agents/skills/debugging-and-error-recovery
  runtime: null
  scope: project
  owners:
  - addyosmani/agent-skills
  active_owner: addyosmani/agent-skills
  content_hash: null
- kind: project-relative
  target: agent-skills
  value: .agents/skills/debugging-and-error-recovery/SKILL.md
  runtime: null
  scope: project
  owners:
  - addyosmani/agent-skills
  active_owner: addyosmani/agent-skills
  content_hash: sha256:927ad6917fa2891827351cfa3470cd715423faaa5c5f27fe74534d9324c35eea
- kind: project-relative
  target: agent-skills
  value: .agents/skills/domain-modeling
  runtime: null
  scope: project
  owners:
  - mattpocock/skills
  active_owner: mattpocock/skills
  content_hash: null
- kind: project-relative
  target: agent-skills
  value: .agents/skills/domain-modeling/ADR-FORMAT.md
  runtime: null
  scope: project
  owners:
  - mattpocock/skills
  active_owner: mattpocock/skills
  content_hash: sha256:f1f36cd3f8d3b6474ddd5855da4e233bfc4ae1a1c5024909ccf11871819a41b2
- kind: project-relative
  target: agent-skills
  value: .agents/skills/domain-modeling/CONTEXT-FORMAT.md
  runtime: null
  scope: project
  owners:
  - mattpocock/skills
  active_owner: mattpocock/skills
  content_hash: sha256:b8cc318f2a4285b530e908b6bc43901c3c5cd11100362636bbc4216639bef597
- kind: project-relative
  target: agent-skills
  value: .agents/skills/domain-modeling/SKILL.md
  runtime: null
  scope: project
  owners:
  - mattpocock/skills
  active_owner: mattpocock/skills
  content_hash: sha256:152e2c97239affb12a60c5f4a7e74ab546a49ae169688c81f4e2ccc42dafa579
- kind: project-relative
  target: agent-skills
  value: .agents/skills/grill-with-docs
  runtime: null
  scope: project
  owners:
  - mattpocock/skills
  active_owner: mattpocock/skills
  content_hash: null
- kind: project-relative
  target: agent-skills
  value: .agents/skills/grill-with-docs/SKILL.md
  runtime: null
  scope: project
  owners:
  - mattpocock/skills
  active_owner: mattpocock/skills
  content_hash: sha256:610d091047bcfb9db0f75c057d15538481a721111579fc5ec7f83ad9131a2165
- kind: project-relative
  target: agent-skills
  value: .agents/skills/grilling
  runtime: null
  scope: project
  owners:
  - mattpocock/skills
  active_owner: mattpocock/skills
  content_hash: null
- kind: project-relative
  target: agent-skills
  value: .agents/skills/grilling/SKILL.md
  runtime: null
  scope: project
  owners:
  - mattpocock/skills
  active_owner: mattpocock/skills
  content_hash: sha256:5a35925d03a391bcfa46940868b649b72dba89ec9c19525e785bbb6bd3a7f478
- kind: project-relative
  target: agent-skills
  value: .agents/skills/source-driven-development
  runtime: null
  scope: project
  owners:
  - addyosmani/agent-skills
  active_owner: addyosmani/agent-skills
  content_hash: null
- kind: project-relative
  target: agent-skills
  value: .agents/skills/source-driven-development/SKILL.md
  runtime: null
  scope: project
  owners:
  - addyosmani/agent-skills
  active_owner: addyosmani/agent-skills
  content_hash: sha256:b979e7531ea601ed14a090f32a5b135db517c48ab9821c5e8b09efd80f4ff4d8
- kind: project-relative
  target: agent-skills
  value: .agents/skills/verification-before-completion
  runtime: null
  scope: project
  owners:
  - obra/superpowers
  active_owner: obra/superpowers
  content_hash: null
- kind: project-relative
  target: agent-skills
  value: .agents/skills/verification-before-completion/SKILL.md
  runtime: null
  scope: project
  owners:
  - obra/superpowers
  active_owner: obra/superpowers
  content_hash: sha256:2befe7fc55bcadaa3d97dd9e8efeb633d2561c0ebe74c5a8b17c4d9e7e4520b3
- kind: project-relative
  target: agents
  value: .agents/skills/code-review-and-quality
  runtime: null
  scope: project
  owners:
  - .
  active_owner: .
  content_hash: null
- kind: project-relative
  target: agents
  value: .agents/skills/code-review-and-quality/SKILL.md
  runtime: null
  scope: project
  owners:
  - .
  active_owner: .
  content_hash: sha256:0c3fe048ef16d2a13fed1678052f46415ab99e45dfe541e8c90eac79afe70bfc
- kind: project-relative
  target: agents
  value: .agents/skills/discussion
  runtime: null
  scope: project
  owners:
  - .
  active_owner: .
  content_hash: null
- kind: project-relative
  target: agents
  value: .agents/skills/discussion/SKILL.md
  runtime: null
  scope: project
  owners:
  - .
  active_owner: .
  content_hash: sha256:e9c3423b73b4d572af3d95c8820142e18bb44e226adc92f1c297905e9835ca9a
- kind: project-relative
  target: agents
  value: .agents/skills/discussion/references/document-format.md
  runtime: null
  scope: project
  owners:
  - .
  active_owner: .
  content_hash: sha256:9012f228e7a7759f14176e38b1b39946a3d810693a4a96319934b93ad71e80ac
- kind: project-relative
  target: agents
  value: .agents/skills/discussion/references/examples.md
  runtime: null
  scope: project
  owners:
  - .
  active_owner: .
  content_hash: sha256:e0a056cc213de20ee0e311c1404a21bfdda9e70d2d2cc2b73748de1b53359a6c
- kind: project-relative
  target: agents
  value: .agents/skills/idea-refine
  runtime: null
  scope: project
  owners:
  - .
  active_owner: .
  content_hash: null
- kind: project-relative
  target: agents
  value: .agents/skills/idea-refine/SKILL.md
  runtime: null
  scope: project
  owners:
  - .
  active_owner: .
  content_hash: sha256:ab5240e4593b9b0250952986ce3b9aba4a7629c4bf8f6335d13584cff6ba7300
- kind: project-relative
  target: agents
  value: .agents/skills/idea-refine/examples.md
  runtime: null
  scope: project
  owners:
  - .
  active_owner: .
  content_hash: sha256:326c8e64083f29b3ea8b99e757198efafcf30a68c227156b521e1cddff5ed4ad
- kind: project-relative
  target: agents
  value: .agents/skills/idea-refine/frameworks.md
  runtime: null
  scope: project
  owners:
  - .
  active_owner: .
  content_hash: sha256:161ebc18fdf2d996bc62a87a2d747cf1bf53548354f8925de25c732c27f00309
- kind: project-relative
  target: agents
  value: .agents/skills/idea-refine/refinement-criteria.md
  runtime: null
  scope: project
  owners:
  - .
  active_owner: .
  content_hash: sha256:1ca2973a4d01b5cb37ab7ddb2eff77fa4e792634a33d0ce44961c068fc88d51a
- kind: project-relative
  target: agents
  value: .agents/skills/idea-refine/scripts/idea-refine.sh
  runtime: null
  scope: project
  owners:
  - .
  active_owner: .
  content_hash: sha256:f02a52408a4218047c032d221483abfbb48d11f090bb4915965c7419bf2e0e47
- kind: project-relative
  target: agents
  value: .agents/skills/implementation-decision-review
  runtime: null
  scope: project
  owners:
  - .
  active_owner: .
  content_hash: null
- kind: project-relative
  target: agents
  value: .agents/skills/implementation-decision-review/SKILL.md
  runtime: null
  scope: project
  owners:
  - .
  active_owner: .
  content_hash: sha256:569d69a47cafd109144f2107fe99b1ea8b48d509dc91550712612bb0bb7c1d6a
- kind: project-relative
  target: agents
  value: .agents/skills/incremental-implementation
  runtime: null
  scope: project
  owners:
  - .
  active_owner: .
  content_hash: null
- kind: project-relative
  target: agents
  value: .agents/skills/incremental-implementation/SKILL.md
  runtime: null
  scope: project
  owners:
  - .
  active_owner: .
  content_hash: sha256:11b6c463fc40575041e2f5a8f467eb7f35820be0fb9a57f83fb341a1e6c8dd1c
- kind: project-relative
  target: agents
  value: .agents/skills/observability-and-instrumentation
  runtime: null
  scope: project
  owners:
  - .
  active_owner: .
  content_hash: null
- kind: project-relative
  target: agents
  value: .agents/skills/observability-and-instrumentation/SKILL.md
  runtime: null
  scope: project
  owners:
  - .
  active_owner: .
  content_hash: sha256:72b2bf819884c33f78fa1894dc8a26e6901076a2e24c60cb3aef1a53c633a7a6
- kind: project-relative
  target: agents
  value: .agents/skills/openspec-review-change
  runtime: null
  scope: project
  owners:
  - .
  active_owner: .
  content_hash: null
- kind: project-relative
  target: agents
  value: .agents/skills/openspec-review-change/SKILL.md
  runtime: null
  scope: project
  owners:
  - .
  active_owner: .
  content_hash: sha256:5abe1ec06e4056cc1ea6148c6be2e441c0c9ae68e8e89768592b525c4d81d4af
- kind: project-relative
  target: agents
  value: .agents/skills/openspec-review-change/references/evaluation-cases.md
  runtime: null
  scope: project
  owners:
  - .
  active_owner: .
  content_hash: sha256:dedf26193693b433002f8ed6cbecdbdd63d98806c0a6e54b7eaa89bc29c78bb0
- kind: project-relative
  target: agents
  value: .agents/skills/openspec-review-change/references/review-format.md
  runtime: null
  scope: project
  owners:
  - .
  active_owner: .
  content_hash: sha256:f41258b6cb084ec13c033705a3305c7c92841e0aefe6e55f15d84d4a8c41f817
- kind: project-relative
  target: agents
  value: .agents/skills/openspec-review-change/references/review-lenses.md
  runtime: null
  scope: project
  owners:
  - .
  active_owner: .
  content_hash: sha256:bdb0d6ce2e407770f2c66119eeb8fe40ae56aa5cc3a6da11a93fed697790ddf7
- kind: project-relative
  target: agents
  value: .agents/skills/openspec-review-implementation
  runtime: null
  scope: project
  owners:
  - .
  active_owner: .
  content_hash: null
- kind: project-relative
  target: agents
  value: .agents/skills/openspec-review-implementation/SKILL.md
  runtime: null
  scope: project
  owners:
  - .
  active_owner: .
  content_hash: sha256:061dfd83e38f9d6592c63e612b057eb42e34904d5f06ea60cdd81b84c7d531a6
- kind: project-relative
  target: agents
  value: .agents/skills/openspec-review-implementation/references/evaluation-cases.md
  runtime: null
  scope: project
  owners:
  - .
  active_owner: .
  content_hash: sha256:9ab4f057d341fa2595571e277305a8adb9f527a7fe4d5465f6186b46d1f51a03
- kind: project-relative
  target: agents
  value: .agents/skills/openspec-review-implementation/references/review-format.md
  runtime: null
  scope: project
  owners:
  - .
  active_owner: .
  content_hash: sha256:688915885f5309cec63eaa29980ffaf9b7c4d2251116aa803cfbac480a94df07
- kind: project-relative
  target: agents
  value: .agents/skills/openspec-review-implementation/references/review-target.md
  runtime: null
  scope: project
  owners:
  - .
  active_owner: .
  content_hash: sha256:e9f2b7417f35e6fd188e47614f37a8b222038afdfc8b84d18fb8e3fcd7186f55
- kind: project-relative
  target: agents
  value: .agents/skills/openspec-review-implementation/scripts/discover-review-target.mjs
  runtime: null
  scope: project
  owners:
  - .
  active_owner: .
  content_hash: sha256:90211146d7240edcc897a214ff3e09983c4332defcf417f491f7e15e873e7306
- kind: project-relative
  target: agents
  value: .agents/skills/openspec-review-implementation/tests/discover-review-target.test.mjs
  runtime: null
  scope: project
  owners:
  - .
  active_owner: .
  content_hash: sha256:146653bf99daf09f9ee98d3fe29d8240cca71a929bf41e610a8e42ea1fb0d333
- kind: project-relative
  target: agents
  value: .agents/skills/phased-planning
  runtime: null
  scope: project
  owners:
  - .
  active_owner: .
  content_hash: null
- kind: project-relative
  target: agents
  value: .agents/skills/phased-planning/SKILL.md
  runtime: null
  scope: project
  owners:
  - .
  active_owner: .
  content_hash: sha256:f6e9d5c94db8837f005182bcdc5e3d4f511bb88741cdd71829ce6aeaa0badd1c
- kind: project-relative
  target: agents
  value: .agents/skills/planning-and-task-breakdown
  runtime: null
  scope: project
  owners:
  - .
  active_owner: .
  content_hash: null
- kind: project-relative
  target: agents
  value: .agents/skills/planning-and-task-breakdown/SKILL.md
  runtime: null
  scope: project
  owners:
  - .
  active_owner: .
  content_hash: sha256:acf49ad221c68c354f88ac9d7be0b94fc179d90b25177b28b151b3d9d3e7b670
- kind: project-relative
  target: agents
  value: .agents/skills/security-and-hardening
  runtime: null
  scope: project
  owners:
  - .
  active_owner: .
  content_hash: null
- kind: project-relative
  target: agents
  value: .agents/skills/security-and-hardening/SKILL.md
  runtime: null
  scope: project
  owners:
  - .
  active_owner: .
  content_hash: sha256:f06f38a9750b082fee21836e3ed03b7f566ef676178091c30e9696e9db971761
- kind: project-relative
  target: agents
  value: .agents/skills/shipping-and-launch
  runtime: null
  scope: project
  owners:
  - .
  active_owner: .
  content_hash: null
- kind: project-relative
  target: agents
  value: .agents/skills/shipping-and-launch/SKILL.md
  runtime: null
  scope: project
  owners:
  - .
  active_owner: .
  content_hash: sha256:6d881f4beabb6c34c9dbdd0b7a71225377aecc0c01452af4ce8d930ab5426979
- kind: project-relative
  target: agents
  value: .agents/skills/skill-authoring
  runtime: null
  scope: project
  owners:
  - .
  active_owner: .
  content_hash: null
- kind: project-relative
  target: agents
  value: .agents/skills/skill-authoring/SKILL.md
  runtime: null
  scope: project
  owners:
  - .
  active_owner: .
  content_hash: sha256:b5bc4328af4a7a5f81068c23da89affc5690843f436dc7fcbd1f51d2cc65531c
- kind: project-relative
  target: agents
  value: .agents/skills/skill-authoring/references/evaluation.md
  runtime: null
  scope: project
  owners:
  - .
  active_owner: .
  content_hash: sha256:2aaf0e25f1037ba1ae83bb693b8fde5eea87512dd812e965961cb5b2d811cb52
- kind: project-relative
  target: agents
  value: .agents/skills/skill-authoring/references/examples.md
  runtime: null
  scope: project
  owners:
  - .
  active_owner: .
  content_hash: sha256:2788c3fc6423fee22f10a5f8886e99d888184fd4f056fc54704f455d6e5b1e8d
- kind: project-relative
  target: agents
  value: .agents/skills/test-driven-development
  runtime: null
  scope: project
  owners:
  - .
  active_owner: .
  content_hash: null
- kind: project-relative
  target: agents
  value: .agents/skills/test-driven-development/SKILL.md
  runtime: null
  scope: project
  owners:
  - .
  active_owner: .
  content_hash: sha256:ddac02d7affedceae5d6129f7712e8086a8a8f58af1e2cbc0b32a3064797ea8e
- kind: project-relative
  target: codex
  value: .codex/agents/code-reviewer.toml
  runtime: null
  scope: project
  owners:
  - .
  active_owner: .
  content_hash: sha256:68551392550f16bad4545b154ec710ba215623bcb35f95f8ab2e613d798b50dd
- kind: project-relative
  target: codex
  value: .codex/agents/security-auditor.toml
  runtime: null
  scope: project
  owners:
  - .
  active_owner: .
  content_hash: sha256:6f2bec3bded4da237fa14b74fd77720f0e7d96982f09288652aec26b228110dd
- kind: project-relative
  target: codex
  value: .codex/agents/test-engineer.toml
  runtime: null
  scope: project
  owners:
  - .
  active_owner: .
  content_hash: sha256:729261399bedbfa7af957725773fddea919b1e094a81ebe6d8a6e476d54c7ff8
local_deployed_files:
- .agents/skills/code-review-and-quality
- .agents/skills/code-review-and-quality/SKILL.md
- .agents/skills/discussion
- .agents/skills/discussion/SKILL.md
- .agents/skills/discussion/references/document-format.md
- .agents/skills/discussion/references/examples.md
- .agents/skills/idea-refine
- .agents/skills/idea-refine/SKILL.md
- .agents/skills/idea-refine/examples.md
- .agents/skills/idea-refine/frameworks.md
- .agents/skills/idea-refine/refinement-criteria.md
- .agents/skills/idea-refine/scripts/idea-refine.sh
- .agents/skills/implementation-decision-review
- .agents/skills/implementation-decision-review/SKILL.md
- .agents/skills/incremental-implementation
- .agents/skills/incremental-implementation/SKILL.md
- .agents/skills/observability-and-instrumentation
- .agents/skills/observability-and-instrumentation/SKILL.md
- .agents/skills/openspec-review-change
- .agents/skills/openspec-review-change/SKILL.md
- .agents/skills/openspec-review-change/references/evaluation-cases.md
- .agents/skills/openspec-review-change/references/review-format.md
- .agents/skills/openspec-review-change/references/review-lenses.md
- .agents/skills/openspec-review-implementation
- .agents/skills/openspec-review-implementation/SKILL.md
- .agents/skills/openspec-review-implementation/references/evaluation-cases.md
- .agents/skills/openspec-review-implementation/references/review-format.md
- .agents/skills/openspec-review-implementation/references/review-target.md
- .agents/skills/openspec-review-implementation/scripts/discover-review-target.mjs
- .agents/skills/openspec-review-implementation/tests/discover-review-target.test.mjs
- .agents/skills/phased-planning
- .agents/skills/phased-planning/SKILL.md
- .agents/skills/planning-and-task-breakdown
- .agents/skills/planning-and-task-breakdown/SKILL.md
- .agents/skills/security-and-hardening
- .agents/skills/security-and-hardening/SKILL.md
- .agents/skills/shipping-and-launch
- .agents/skills/shipping-and-launch/SKILL.md
- .agents/skills/skill-authoring
- .agents/skills/skill-authoring/SKILL.md
- .agents/skills/skill-authoring/references/evaluation.md
- .agents/skills/skill-authoring/references/examples.md
- .agents/skills/test-driven-development
- .agents/skills/test-driven-development/SKILL.md
- .codex/agents/code-reviewer.toml
- .codex/agents/security-auditor.toml
- .codex/agents/test-engineer.toml
local_deployed_file_hashes:
  .agents/skills/code-review-and-quality/SKILL.md: sha256:0c3fe048ef16d2a13fed1678052f46415ab99e45dfe541e8c90eac79afe70bfc
  .agents/skills/discussion/SKILL.md: sha256:e9c3423b73b4d572af3d95c8820142e18bb44e226adc92f1c297905e9835ca9a
  .agents/skills/discussion/references/document-format.md: sha256:9012f228e7a7759f14176e38b1b39946a3d810693a4a96319934b93ad71e80ac
  .agents/skills/discussion/references/examples.md: sha256:e0a056cc213de20ee0e311c1404a21bfdda9e70d2d2cc2b73748de1b53359a6c
  .agents/skills/idea-refine/SKILL.md: sha256:ab5240e4593b9b0250952986ce3b9aba4a7629c4bf8f6335d13584cff6ba7300
  .agents/skills/idea-refine/examples.md: sha256:326c8e64083f29b3ea8b99e757198efafcf30a68c227156b521e1cddff5ed4ad
  .agents/skills/idea-refine/frameworks.md: sha256:161ebc18fdf2d996bc62a87a2d747cf1bf53548354f8925de25c732c27f00309
  .agents/skills/idea-refine/refinement-criteria.md: sha256:1ca2973a4d01b5cb37ab7ddb2eff77fa4e792634a33d0ce44961c068fc88d51a
  .agents/skills/idea-refine/scripts/idea-refine.sh: sha256:f02a52408a4218047c032d221483abfbb48d11f090bb4915965c7419bf2e0e47
  .agents/skills/implementation-decision-review/SKILL.md: sha256:569d69a47cafd109144f2107fe99b1ea8b48d509dc91550712612bb0bb7c1d6a
  .agents/skills/incremental-implementation/SKILL.md: sha256:11b6c463fc40575041e2f5a8f467eb7f35820be0fb9a57f83fb341a1e6c8dd1c
  .agents/skills/observability-and-instrumentation/SKILL.md: sha256:72b2bf819884c33f78fa1894dc8a26e6901076a2e24c60cb3aef1a53c633a7a6
  .agents/skills/openspec-review-change/SKILL.md: sha256:5abe1ec06e4056cc1ea6148c6be2e441c0c9ae68e8e89768592b525c4d81d4af
  .agents/skills/openspec-review-change/references/evaluation-cases.md: sha256:dedf26193693b433002f8ed6cbecdbdd63d98806c0a6e54b7eaa89bc29c78bb0
  .agents/skills/openspec-review-change/references/review-format.md: sha256:f41258b6cb084ec13c033705a3305c7c92841e0aefe6e55f15d84d4a8c41f817
  .agents/skills/openspec-review-change/references/review-lenses.md: sha256:bdb0d6ce2e407770f2c66119eeb8fe40ae56aa5cc3a6da11a93fed697790ddf7
  .agents/skills/openspec-review-implementation/SKILL.md: sha256:061dfd83e38f9d6592c63e612b057eb42e34904d5f06ea60cdd81b84c7d531a6
  .agents/skills/openspec-review-implementation/references/evaluation-cases.md: sha256:9ab4f057d341fa2595571e277305a8adb9f527a7fe4d5465f6186b46d1f51a03
  .agents/skills/openspec-review-implementation/references/review-format.md: sha256:688915885f5309cec63eaa29980ffaf9b7c4d2251116aa803cfbac480a94df07
  .agents/skills/openspec-review-implementation/references/review-target.md: sha256:e9f2b7417f35e6fd188e47614f37a8b222038afdfc8b84d18fb8e3fcd7186f55
  .agents/skills/openspec-review-implementation/scripts/discover-review-target.mjs: sha256:90211146d7240edcc897a214ff3e09983c4332defcf417f491f7e15e873e7306
  .agents/skills/openspec-review-implementation/tests/discover-review-target.test.mjs: sha256:146653bf99daf09f9ee98d3fe29d8240cca71a929bf41e610a8e42ea1fb0d333
  .agents/skills/phased-planning/SKILL.md: sha256:f6e9d5c94db8837f005182bcdc5e3d4f511bb88741cdd71829ce6aeaa0badd1c
  .agents/skills/planning-and-task-breakdown/SKILL.md: sha256:acf49ad221c68c354f88ac9d7be0b94fc179d90b25177b28b151b3d9d3e7b670
  .agents/skills/security-and-hardening/SKILL.md: sha256:f06f38a9750b082fee21836e3ed03b7f566ef676178091c30e9696e9db971761
  .agents/skills/shipping-and-launch/SKILL.md: sha256:6d881f4beabb6c34c9dbdd0b7a71225377aecc0c01452af4ce8d930ab5426979
  .agents/skills/skill-authoring/SKILL.md: sha256:b5bc4328af4a7a5f81068c23da89affc5690843f436dc7fcbd1f51d2cc65531c
  .agents/skills/skill-authoring/references/evaluation.md: sha256:2aaf0e25f1037ba1ae83bb693b8fde5eea87512dd812e965961cb5b2d811cb52
  .agents/skills/skill-authoring/references/examples.md: sha256:2788c3fc6423fee22f10a5f8886e99d888184fd4f056fc54704f455d6e5b1e8d
  .agents/skills/test-driven-development/SKILL.md: sha256:ddac02d7affedceae5d6129f7712e8086a8a8f58af1e2cbc0b32a3064797ea8e
  .codex/agents/code-reviewer.toml: sha256:68551392550f16bad4545b154ec710ba215623bcb35f95f8ab2e613d798b50dd
  .codex/agents/security-auditor.toml: sha256:6f2bec3bded4da237fa14b74fd77720f0e7d96982f09288652aec26b228110dd
  .codex/agents/test-engineer.toml: sha256:729261399bedbfa7af957725773fddea919b1e094a81ebe6d8a6e476d54c7ff8
