lockfile_version: '1'
generated_at: '2026-08-04T12:14:11.000954+00:00'
apm_version: 0.27.0
dependencies: []
deployments:
- kind: project-relative
  target: agents
  value: .agents/skills/planning-and-task-breakdown
  runtime: null
  scope: project
  owners:
  - .
  active_owner: .
  content_hash: null
- kind: project-relative
  target: agents
  value: .agents/skills/planning-and-task-breakdown/SKILL.md
  runtime: null
  scope: project
  owners:
  - .
  active_owner: .
  content_hash: sha256:6d661bacd348c92fa0cb7b69d977c6a5e8207619f37c24c7f35adf4d9e71ade1
local_deployed_files:
- .agents/skills/planning-and-task-breakdown
- .agents/skills/planning-and-task-breakdown/SKILL.md
local_deployed_file_hashes:
  .agents/skills/planning-and-task-breakdown/SKILL.md: sha256:6d661bacd348c92fa0cb7b69d977c6a5e8207619f37c24c7f35adf4d9e71ade1
